// !$*UTF8*$!
{
	archiveVersion = 1;
	classes = {
	};
	objectVersion = 46;
	objects = {

/* Begin PBXBuildFile section */
		00E356F31AD99517003FC87E /* lyralabsTests.m in Sources */ = {isa = PBXBuildFile; fileRef = 00E356F21AD99517003FC87E /* lyralabsTests.m */; };
		0B3D55713CBD4D26A3DAC0DA /* Montserrat-Bold.ttf in Resources */ = {isa = PBXBuildFile; fileRef = B6490EC1A0F54C72B4BF6AFA /* Montserrat-Bold.ttf */; };
		13B07FBC1A68108700A75B9A /* AppDelegate.m in Sources */ = {isa = PBXBuildFile; fileRef = 13B07FB01A68108700A75B9A /* AppDelegate.m */; };
		13B07FBD1A68108700A75B9A /* LaunchScreen.xib in Resources */ = {isa = PBXBuildFile; fileRef = 13B07FB11A68108700A75B9A /* LaunchScreen.xib */; };
		13B07FBF1A68108700A75B9A /* Images.xcassets in Resources */ = {isa = PBXBuildFile; fileRef = 13B07FB51A68108700A75B9A /* Images.xcassets */; };
		13B07FC11A68108700A75B9A /* main.m in Sources */ = {isa = PBXBuildFile; fileRef = 13B07FB71A68108700A75B9A /* main.m */; };
		27DBC9C3AD0F400884049D30 /* Montserrat-Regular.ttf in Resources */ = {isa = PBXBuildFile; fileRef = DCFD5CCD38464D79AAFFCB5B /* Montserrat-Regular.ttf */; };
		47F9578224B7FCB900D2BBEC /* ShareViewController.swift in Sources */ = {isa = PBXBuildFile; fileRef = 47F9578124B7FCB900D2BBEC /* ShareViewController.swift */; };
		47F9578524B7FCB900D2BBEC /* MainInterface.storyboard in Resources */ = {isa = PBXBuildFile; fileRef = 47F9578324B7FCB900D2BBEC /* MainInterface.storyboard */; };
		47F9578924B7FCB900D2BBEC /* Save.appex in Embed App Extensions */ = {isa = PBXBuildFile; fileRef = 47F9577F24B7FCB900D2BBEC /* Save.appex */; settings = {ATTRIBUTES = (RemoveHeadersOnCopy, ); }; };
		47F9578D24B80C5C00D2BBEC /* KeychainAccess.framework in Frameworks */ = {isa = PBXBuildFile; fileRef = 47673C6D24A9A3B9004826F7 /* KeychainAccess.framework */; };
		47F9578E24B80C5C00D2BBEC /* KeychainAccess.framework in Embed Frameworks */ = {isa = PBXBuildFile; fileRef = 47673C6D24A9A3B9004826F7 /* KeychainAccess.framework */; settings = {ATTRIBUTES = (CodeSignOnCopy, RemoveHeadersOnCopy, ); }; };
		7C8B43587E114192961920D2 /* Montserrat-SemiBold.ttf in Resources */ = {isa = PBXBuildFile; fileRef = 105DBCFE7EE54194BEC01535 /* Montserrat-SemiBold.ttf */; };
		93104329370F8DD65F85220A /* libPods-lyralabs.a in Frameworks */ = {isa = PBXBuildFile; fileRef = 9FA4D73352E04A1612253370 /* libPods-lyralabs.a */; };
		C7134AB6D0DFD8B6F46CAE89 /* libPods-lyralabs-lyralabsTests.a in Frameworks */ = {isa = PBXBuildFile; fileRef = D9D9BFA365E59D7FE414380D /* libPods-lyralabs-lyralabsTests.a */; };
		D11CCEBD8FD141FFB8AF2113 /* Montserrat-Medium.ttf in Resources */ = {isa = PBXBuildFile; fileRef = F23B7116F3114045B0195EA7 /* Montserrat-Medium.ttf */; };
/* End PBXBuildFile section */

/* Begin PBXContainerItemProxy section */
		00E356F41AD99517003FC87E /* PBXContainerItemProxy */ = {
			isa = PBXContainerItemProxy;
			containerPortal = 83CBB9F71A601CBA00E9B192 /* Project object */;
			proxyType = 1;
			remoteGlobalIDString = 13B07F861A680F5B00A75B9A;
			remoteInfo = lyralabs;
		};
		47673C6C24A9A3B9004826F7 /* PBXContainerItemProxy */ = {
			isa = PBXContainerItemProxy;
			containerPortal = 47673C6624A9A3B9004826F7 /* KeychainAccess.xcodeproj */;
			proxyType = 2;
			remoteGlobalIDString = 140F195C1A49D79400B0016A;
			remoteInfo = KeychainAccess;
		};
		47673C6E24A9A3B9004826F7 /* PBXContainerItemProxy */ = {
			isa = PBXContainerItemProxy;
			containerPortal = 47673C6624A9A3B9004826F7 /* KeychainAccess.xcodeproj */;
			proxyType = 2;
			remoteGlobalIDString = 140F19671A49D79500B0016A;
			remoteInfo = KeychainAccessTests;
		};
		47673C7024A9A3B9004826F7 /* PBXContainerItemProxy */ = {
			isa = PBXContainerItemProxy;
			containerPortal = 47673C6624A9A3B9004826F7 /* KeychainAccess.xcodeproj */;
			proxyType = 2;
			remoteGlobalIDString = 14A630151D3293C700809B3F;
			remoteInfo = TestHost;
		};
		47F9578724B7FCB900D2BBEC /* PBXContainerItemProxy */ = {
			isa = PBXContainerItemProxy;
			containerPortal = 83CBB9F71A601CBA00E9B192 /* Project object */;
			proxyType = 1;
			remoteGlobalIDString = 47F9577E24B7FCB900D2BBEC;
			remoteInfo = Save;
		};
/* End PBXContainerItemProxy section */

/* Begin PBXCopyFilesBuildPhase section */
		47BB08F02495C71600D9C925 /* Embed App Extensions */ = {
			isa = PBXCopyFilesBuildPhase;
			buildActionMask = 2147483647;
			dstPath = "";
			dstSubfolderSpec = 13;
			files = (
				47F9578924B7FCB900D2BBEC /* Save.appex in Embed App Extensions */,
			);
			name = "Embed App Extensions";
			runOnlyForDeploymentPostprocessing = 0;
		};
		47F9578F24B80C5C00D2BBEC /* Embed Frameworks */ = {
			isa = PBXCopyFilesBuildPhase;
			buildActionMask = 2147483647;
			dstPath = "";
			dstSubfolderSpec = 10;
			files = (
				47F9578E24B80C5C00D2BBEC /* KeychainAccess.framework in Embed Frameworks */,
			);
			name = "Embed Frameworks";
			runOnlyForDeploymentPostprocessing = 0;
		};
/* End PBXCopyFilesBuildPhase section */

/* Begin PBXFileReference section */
		008F07F21AC5B25A0029DE68 /* main.jsbundle */ = {isa = PBXFileReference; fileEncoding = 4; lastKnownFileType = text; path = main.jsbundle; sourceTree = "<group>"; };
		00E356EE1AD99517003FC87E /* lyralabsTests.xctest */ = {isa = PBXFileReference; explicitFileType = wrapper.cfbundle; includeInIndex = 0; path = lyralabsTests.xctest; sourceTree = BUILT_PRODUCTS_DIR; };
		00E356F11AD99517003FC87E /* Info.plist */ = {isa = PBXFileReference; lastKnownFileType = text.plist.xml; path = Info.plist; sourceTree = "<group>"; };
		00E356F21AD99517003FC87E /* lyralabsTests.m */ = {isa = PBXFileReference; lastKnownFileType = sourcecode.c.objc; path = lyralabsTests.m; sourceTree = "<group>"; };
		035535B7AC994ACAB6A32BE3 /* Flix-Outline.ttf */ = {isa = PBXFileReference; explicitFileType = undefined; fileEncoding = 9; includeInIndex = 0; lastKnownFileType = unknown; name = "Flix-Outline.ttf"; path = "../assets/fonts/Flix-Outline.ttf"; sourceTree = "<group>"; };
		063337ED884343C086773306 /* OpenSans-LightItalic.ttf */ = {isa = PBXFileReference; explicitFileType = undefined; fileEncoding = 9; includeInIndex = 0; lastKnownFileType = unknown; name = "OpenSans-LightItalic.ttf"; path = "../assets/fonts/OpenSans-LightItalic.ttf"; sourceTree = "<group>"; };
		0775BB868A664A09987972A4 /* DMSans-Italic.ttf */ = {isa = PBXFileReference; explicitFileType = undefined; fileEncoding = 9; includeInIndex = 0; lastKnownFileType = unknown; name = "DMSans-Italic.ttf"; path = "../assets/fonts/DMSans-Italic.ttf"; sourceTree = "<group>"; };
		0D2D2C6D39B44727B0B061D4 /* Roboto-Thin.ttf */ = {isa = PBXFileReference; explicitFileType = undefined; fileEncoding = 9; includeInIndex = 0; lastKnownFileType = unknown; name = "Roboto-Thin.ttf"; path = "../assets/fonts/Roboto-Thin.ttf"; sourceTree = "<group>"; };
		0D9FEDB7D5AD40F8935E0FA0 /* DMSans-Regular.ttf */ = {isa = PBXFileReference; explicitFileType = undefined; fileEncoding = 9; includeInIndex = 0; lastKnownFileType = unknown; name = "DMSans-Regular.ttf"; path = "../assets/fonts/DMSans-Regular.ttf"; sourceTree = "<group>"; };
		105DBCFE7EE54194BEC01535 /* Montserrat-SemiBold.ttf */ = {isa = PBXFileReference; explicitFileType = undefined; fileEncoding = 9; includeInIndex = 0; lastKnownFileType = unknown; name = "Montserrat-SemiBold.ttf"; path = "../assets/fonts/Montserrat-SemiBold.ttf"; sourceTree = "<group>"; };
		132384315241477DB77F1AD6 /* Foundry-Font Pack.ttf */ = {isa = PBXFileReference; explicitFileType = undefined; fileEncoding = 9; includeInIndex = 0; lastKnownFileType = unknown; name = "Foundry-Font Pack.ttf"; path = "../assets/fonts/Foundry-Font Pack.ttf"; sourceTree = "<group>"; };
		13B07F961A680F5B00A75B9A /* lyralabs.app */ = {isa = PBXFileReference; explicitFileType = wrapper.application; includeInIndex = 0; path = lyralabs.app; sourceTree = BUILT_PRODUCTS_DIR; };
		13B07FAF1A68108700A75B9A /* AppDelegate.h */ = {isa = PBXFileReference; fileEncoding = 4; lastKnownFileType = sourcecode.c.h; name = AppDelegate.h; path = lyralabs/AppDelegate.h; sourceTree = "<group>"; };
		13B07FB01A68108700A75B9A /* AppDelegate.m */ = {isa = PBXFileReference; fileEncoding = 4; lastKnownFileType = sourcecode.c.objc; name = AppDelegate.m; path = lyralabs/AppDelegate.m; sourceTree = "<group>"; };
		13B07FB21A68108700A75B9A /* Base */ = {isa = PBXFileReference; lastKnownFileType = file.xib; name = Base; path = Base.lproj/LaunchScreen.xib; sourceTree = "<group>"; };
		13B07FB51A68108700A75B9A /* Images.xcassets */ = {isa = PBXFileReference; lastKnownFileType = folder.assetcatalog; name = Images.xcassets; path = lyralabs/Images.xcassets; sourceTree = "<group>"; };
		13B07FB61A68108700A75B9A /* Info.plist */ = {isa = PBXFileReference; fileEncoding = 4; lastKnownFileType = text.plist.xml; name = Info.plist; path = lyralabs/Info.plist; sourceTree = "<group>"; };
		13B07FB71A68108700A75B9A /* main.m */ = {isa = PBXFileReference; fileEncoding = 4; lastKnownFileType = sourcecode.c.objc; name = main.m; path = lyralabs/main.m; sourceTree = "<group>"; };
		1625F590F91D4E899549920B /* DMSans-Bold.ttf */ = {isa = PBXFileReference; explicitFileType = undefined; fileEncoding = 9; includeInIndex = 0; lastKnownFileType = unknown; name = "DMSans-Bold.ttf"; path = "../assets/fonts/DMSans-Bold.ttf"; sourceTree = "<group>"; };
		199DB80BDF8E4014EECB00AE /* Pods-lyralabs.debug.xcconfig */ = {isa = PBXFileReference; includeInIndex = 1; lastKnownFileType = text.xcconfig; name = "Pods-lyralabs.debug.xcconfig"; path = "Target Support Files/Pods-lyralabs/Pods-lyralabs.debug.xcconfig"; sourceTree = "<group>"; };
		1B13082F46914BF2AE801D79 /* Roboto-Black.ttf */ = {isa = PBXFileReference; explicitFileType = undefined; fileEncoding = 9; includeInIndex = 0; lastKnownFileType = unknown; name = "Roboto-Black.ttf"; path = "../assets/fonts/Roboto-Black.ttf"; sourceTree = "<group>"; };
		2139285DCA4C41E1AE077B87 /* RobotoMono-LightItalic.ttf */ = {isa = PBXFileReference; explicitFileType = undefined; fileEncoding = 9; includeInIndex = 0; lastKnownFileType = unknown; name = "RobotoMono-LightItalic.ttf"; path = "../assets/fonts/RobotoMono-LightItalic.ttf"; sourceTree = "<group>"; };
		23442604D5784B8284790E9B /* RobotoSlab-Medium.ttf */ = {isa = PBXFileReference; explicitFileType = undefined; fileEncoding = 9; includeInIndex = 0; lastKnownFileType = unknown; name = "RobotoSlab-Medium.ttf"; path = "../assets/fonts/RobotoSlab-Medium.ttf"; sourceTree = "<group>"; };
		24CB75812F434B67AFEFE26A /* Roboto-Regular.ttf */ = {isa = PBXFileReference; explicitFileType = undefined; fileEncoding = 9; includeInIndex = 0; lastKnownFileType = unknown; name = "Roboto-Regular.ttf"; path = "../assets/fonts/Roboto-Regular.ttf"; sourceTree = "<group>"; };
		2BC55FBAC3314F40B172DC2F /* Portico Outline.otf */ = {isa = PBXFileReference; explicitFileType = undefined; fileEncoding = 9; includeInIndex = 0; lastKnownFileType = unknown; name = "Portico Outline.otf"; path = "../assets/fonts/Portico Outline.otf"; sourceTree = "<group>"; };
		3243742635EA4C4A89DB501F /* DMSans-BoldItalic.ttf */ = {isa = PBXFileReference; explicitFileType = undefined; fileEncoding = 9; includeInIndex = 0; lastKnownFileType = unknown; name = "DMSans-BoldItalic.ttf"; path = "../assets/fonts/DMSans-BoldItalic.ttf"; sourceTree = "<group>"; };
		34E36B2835904F788F71C3D2 /* OpenSauceSans-ExtraBold.ttf */ = {isa = PBXFileReference; explicitFileType = undefined; fileEncoding = 9; includeInIndex = 0; lastKnownFileType = unknown; name = "OpenSauceSans-ExtraBold.ttf"; path = "../assets/fonts/OpenSauceSans-ExtraBold.ttf"; sourceTree = "<group>"; };
		3E5D868DFF3A4D8FB0AAE0A5 /* OpenSauceSans-LightItalic.ttf */ = {isa = PBXFileReference; explicitFileType = undefined; fileEncoding = 9; includeInIndex = 0; lastKnownFileType = unknown; name = "OpenSauceSans-LightItalic.ttf"; path = "../assets/fonts/OpenSauceSans-LightItalic.ttf"; sourceTree = "<group>"; };
		408D3221D0722ACD27998203 /* Pods-lyralabs-lyralabsTests.debug.xcconfig */ = {isa = PBXFileReference; includeInIndex = 1; lastKnownFileType = text.xcconfig; name = "Pods-lyralabs-lyralabsTests.debug.xcconfig"; path = "Target Support Files/Pods-lyralabs-lyralabsTests/Pods-lyralabs-lyralabsTests.debug.xcconfig"; sourceTree = "<group>"; };
		41D980434F184F0FA3F29E04 /* Roboto-Light.ttf */ = {isa = PBXFileReference; explicitFileType = undefined; fileEncoding = 9; includeInIndex = 0; lastKnownFileType = unknown; name = "Roboto-Light.ttf"; path = "../assets/fonts/Roboto-Light.ttf"; sourceTree = "<group>"; };
		42FA48319709468183D1B65E /* OpenSauceSans-BlackItalic.ttf */ = {isa = PBXFileReference; explicitFileType = undefined; fileEncoding = 9; includeInIndex = 0; lastKnownFileType = unknown; name = "OpenSauceSans-BlackItalic.ttf"; path = "../assets/fonts/OpenSauceSans-BlackItalic.ttf"; sourceTree = "<group>"; };
		47673C6624A9A3B9004826F7 /* KeychainAccess.xcodeproj */ = {isa = PBXFileReference; lastKnownFileType = "wrapper.pb-project"; name = KeychainAccess.xcodeproj; path = ../../../KeychainAccess/Lib/KeychainAccess.xcodeproj; sourceTree = "<group>"; };
		4782518AB16C48AD818FD6B9 /* IndigoOutlineFont-Regular.ttf */ = {isa = PBXFileReference; explicitFileType = undefined; fileEncoding = 9; includeInIndex = 0; lastKnownFileType = unknown; name = "IndigoOutlineFont-Regular.ttf"; path = "../assets/fonts/IndigoOutlineFont-Regular.ttf"; sourceTree = "<group>"; };
		47BB08F42495CAF300D9C925 /* lyralabs.entitlements */ = {isa = PBXFileReference; lastKnownFileType = text.plist.entitlements; name = lyralabs.entitlements; path = lyralabs/lyralabs.entitlements; sourceTree = "<group>"; };
		47F9577F24B7FCB900D2BBEC /* Save.appex */ = {isa = PBXFileReference; explicitFileType = "wrapper.app-extension"; includeInIndex = 0; path = Save.appex; sourceTree = BUILT_PRODUCTS_DIR; };
		47F9578124B7FCB900D2BBEC /* ShareViewController.swift */ = {isa = PBXFileReference; lastKnownFileType = sourcecode.swift; path = ShareViewController.swift; sourceTree = "<group>"; };
		47F9578424B7FCB900D2BBEC /* Base */ = {isa = PBXFileReference; lastKnownFileType = file.storyboard; name = Base; path = Base.lproj/MainInterface.storyboard; sourceTree = "<group>"; };
		47F9578624B7FCB900D2BBEC /* Info.plist */ = {isa = PBXFileReference; lastKnownFileType = text.plist.xml; path = Info.plist; sourceTree = "<group>"; };
		47F9579024B80D4C00D2BBEC /* Save.entitlements */ = {isa = PBXFileReference; lastKnownFileType = text.plist.entitlements; path = Save.entitlements; sourceTree = "<group>"; };
		4C3203441B3D475DB3CA6FB6 /* OpenSauceSans-Italic.ttf */ = {isa = PBXFileReference; explicitFileType = undefined; fileEncoding = 9; includeInIndex = 0; lastKnownFileType = unknown; name = "OpenSauceSans-Italic.ttf"; path = "../assets/fonts/OpenSauceSans-Italic.ttf"; sourceTree = "<group>"; };
		4F19DE1E85194FE8B4EE9954 /* OpenSauceSans-Regular.ttf */ = {isa = PBXFileReference; explicitFileType = undefined; fileEncoding = 9; includeInIndex = 0; lastKnownFileType = unknown; name = "OpenSauceSans-Regular.ttf"; path = "../assets/fonts/OpenSauceSans-Regular.ttf"; sourceTree = "<group>"; };
		516D16F169544949B57BF6AC /* OpenSans-SemiBold.ttf */ = {isa = PBXFileReference; explicitFileType = undefined; fileEncoding = 9; includeInIndex = 0; lastKnownFileType = unknown; name = "OpenSans-SemiBold.ttf"; path = "../assets/fonts/OpenSans-SemiBold.ttf"; sourceTree = "<group>"; };
		56C00C69B8AE499D85C401E7 /* OpenSauceSans-SemiBold.ttf */ = {isa = PBXFileReference; explicitFileType = undefined; fileEncoding = 9; includeInIndex = 0; lastKnownFileType = unknown; name = "OpenSauceSans-SemiBold.ttf"; path = "../assets/fonts/OpenSauceSans-SemiBold.ttf"; sourceTree = "<group>"; };
		58CB3FA737601904B1BEF341 /* libPods-lyralabs-tvOS.a */ = {isa = PBXFileReference; explicitFileType = archive.ar; includeInIndex = 0; path = "libPods-lyralabs-tvOS.a"; sourceTree = BUILT_PRODUCTS_DIR; };
		5A7CA1BFA8B1464EA744EFAD /* OpenSans-SemiBoldItalic.ttf */ = {isa = PBXFileReference; explicitFileType = undefined; fileEncoding = 9; includeInIndex = 0; lastKnownFileType = unknown; name = "OpenSans-SemiBoldItalic.ttf"; path = "../assets/fonts/OpenSans-SemiBoldItalic.ttf"; sourceTree = "<group>"; };
		5AC687AB537741C3B465D5E3 /* OpenSans-ExtraBold.ttf */ = {isa = PBXFileReference; explicitFileType = undefined; fileEncoding = 9; includeInIndex = 0; lastKnownFileType = unknown; name = "OpenSans-ExtraBold.ttf"; path = "../assets/fonts/OpenSans-ExtraBold.ttf"; sourceTree = "<group>"; };
		5BF9DE86014D48F082B6E49C /* RobotoSlab-Black.ttf */ = {isa = PBXFileReference; explicitFileType = undefined; fileEncoding = 9; includeInIndex = 0; lastKnownFileType = unknown; name = "RobotoSlab-Black.ttf"; path = "../assets/fonts/RobotoSlab-Black.ttf"; sourceTree = "<group>"; };
		5D94E7B3A1864C498EC8D883 /* OpenSauceSans-ExtraBoldItalic.ttf */ = {isa = PBXFileReference; explicitFileType = undefined; fileEncoding = 9; includeInIndex = 0; lastKnownFileType = unknown; name = "OpenSauceSans-ExtraBoldItalic.ttf"; path = "../assets/fonts/OpenSauceSans-ExtraBoldItalic.ttf"; sourceTree = "<group>"; };
		5DACB78D0CE34BAC89B3CF21 /* RobotoMono-Italic.ttf */ = {isa = PBXFileReference; explicitFileType = undefined; fileEncoding = 9; includeInIndex = 0; lastKnownFileType = unknown; name = "RobotoMono-Italic.ttf"; path = "../assets/fonts/RobotoMono-Italic.ttf"; sourceTree = "<group>"; };
		5EC15622606F4EB1A2C13A3D /* OpenSans-Bold.ttf */ = {isa = PBXFileReference; explicitFileType = undefined; fileEncoding = 9; includeInIndex = 0; lastKnownFileType = unknown; name = "OpenSans-Bold.ttf"; path = "../assets/fonts/OpenSans-Bold.ttf"; sourceTree = "<group>"; };
		6034EB0C03E54FA19E626B94 /* Roboto-Italic.ttf */ = {isa = PBXFileReference; explicitFileType = undefined; fileEncoding = 9; includeInIndex = 0; lastKnownFileType = unknown; name = "Roboto-Italic.ttf"; path = "../assets/fonts/Roboto-Italic.ttf"; sourceTree = "<group>"; };
		617ED1AC2FF44AF3A882422E /* Roboto-BlackItalic.ttf */ = {isa = PBXFileReference; explicitFileType = undefined; fileEncoding = 9; includeInIndex = 0; lastKnownFileType = unknown; name = "Roboto-BlackItalic.ttf"; path = "../assets/fonts/Roboto-BlackItalic.ttf"; sourceTree = "<group>"; };
		6CCD1274BD7D411D9EC7B8A9 /* OpenSauceSans-SemiBoldItalic.ttf */ = {isa = PBXFileReference; explicitFileType = undefined; fileEncoding = 9; includeInIndex = 0; lastKnownFileType = unknown; name = "OpenSauceSans-SemiBoldItalic.ttf"; path = "../assets/fonts/OpenSauceSans-SemiBoldItalic.ttf"; sourceTree = "<group>"; };
		6CEE78AF509292D796788EC3 /* Pods-lyralabs-tvOS.release.xcconfig */ = {isa = PBXFileReference; includeInIndex = 1; lastKnownFileType = text.xcconfig; name = "Pods-lyralabs-tvOS.release.xcconfig"; path = "Target Support Files/Pods-lyralabs-tvOS/Pods-lyralabs-tvOS.release.xcconfig"; sourceTree = "<group>"; };
		6DEAE6643E284F63AD3B833E /* Roboto-Medium.ttf */ = {isa = PBXFileReference; explicitFileType = undefined; fileEncoding = 9; includeInIndex = 0; lastKnownFileType = unknown; name = "Roboto-Medium.ttf"; path = "../assets/fonts/Roboto-Medium.ttf"; sourceTree = "<group>"; };
		724877CDF18FD147245B82D9 /* Pods-lyralabs-tvOSTests.debug.xcconfig */ = {isa = PBXFileReference; includeInIndex = 1; lastKnownFileType = text.xcconfig; name = "Pods-lyralabs-tvOSTests.debug.xcconfig"; path = "Target Support Files/Pods-lyralabs-tvOSTests/Pods-lyralabs-tvOSTests.debug.xcconfig"; sourceTree = "<group>"; };
		75673AACABE84C658F0820DB /* RobotoMono-Bold.ttf */ = {isa = PBXFileReference; explicitFileType = undefined; fileEncoding = 9; includeInIndex = 0; lastKnownFileType = unknown; name = "RobotoMono-Bold.ttf"; path = "../assets/fonts/RobotoMono-Bold.ttf"; sourceTree = "<group>"; };
		764A40AA523EF623D8F61039 /* Pods-MyShareEx.debug.xcconfig */ = {isa = PBXFileReference; includeInIndex = 1; lastKnownFileType = text.xcconfig; name = "Pods-MyShareEx.debug.xcconfig"; path = "Target Support Files/Pods-MyShareEx/Pods-MyShareEx.debug.xcconfig"; sourceTree = "<group>"; };
		77756C7B0C194F4EB10875FA /* OpenSans-Light.ttf */ = {isa = PBXFileReference; explicitFileType = undefined; fileEncoding = 9; includeInIndex = 0; lastKnownFileType = unknown; name = "OpenSans-Light.ttf"; path = "../assets/fonts/OpenSans-Light.ttf"; sourceTree = "<group>"; };
		794CFD752E7EAA81F7BFCB79 /* Pods-MyShareEx.release.xcconfig */ = {isa = PBXFileReference; includeInIndex = 1; lastKnownFileType = text.xcconfig; name = "Pods-MyShareEx.release.xcconfig"; path = "Target Support Files/Pods-MyShareEx/Pods-MyShareEx.release.xcconfig"; sourceTree = "<group>"; };
		7A4D0EB739804D3DB49CB333 /* Flix-Normal.ttf */ = {isa = PBXFileReference; explicitFileType = undefined; fileEncoding = 9; includeInIndex = 0; lastKnownFileType = unknown; name = "Flix-Normal.ttf"; path = "../assets/fonts/Flix-Normal.ttf"; sourceTree = "<group>"; };
		7F96D5B0BFCA4AB297162D78 /* RobotoMono-Light.ttf */ = {isa = PBXFileReference; explicitFileType = undefined; fileEncoding = 9; includeInIndex = 0; lastKnownFileType = unknown; name = "RobotoMono-Light.ttf"; path = "../assets/fonts/RobotoMono-Light.ttf"; sourceTree = "<group>"; };
		81BE30766C96B2E72866F413 /* Pods-lyralabs-lyralabsTests.release.xcconfig */ = {isa = PBXFileReference; includeInIndex = 1; lastKnownFileType = text.xcconfig; name = "Pods-lyralabs-lyralabsTests.release.xcconfig"; path = "Target Support Files/Pods-lyralabs-lyralabsTests/Pods-lyralabs-lyralabsTests.release.xcconfig"; sourceTree = "<group>"; };
		8AACD45DE66A410795C7CCAF /* OpenSans-Regular.ttf */ = {isa = PBXFileReference; explicitFileType = undefined; fileEncoding = 9; includeInIndex = 0; lastKnownFileType = unknown; name = "OpenSans-Regular.ttf"; path = "../assets/fonts/OpenSans-Regular.ttf"; sourceTree = "<group>"; };
		8D7670FF9408468386F09ADF /* RobotoMono-BoldItalic.ttf */ = {isa = PBXFileReference; explicitFileType = undefined; fileEncoding = 9; includeInIndex = 0; lastKnownFileType = unknown; name = "RobotoMono-BoldItalic.ttf"; path = "../assets/fonts/RobotoMono-BoldItalic.ttf"; sourceTree = "<group>"; };
		9118B7BA9F7346F0BC49907B /* RobotoSlab-Regular.ttf */ = {isa = PBXFileReference; explicitFileType = undefined; fileEncoding = 9; includeInIndex = 0; lastKnownFileType = unknown; name = "RobotoSlab-Regular.ttf"; path = "../assets/fonts/RobotoSlab-Regular.ttf"; sourceTree = "<group>"; };
		92B9EAE0D4EC10FCF9F8B463 /* Pods-lyralabs-tvOSTests.release.xcconfig */ = {isa = PBXFileReference; includeInIndex = 1; lastKnownFileType = text.xcconfig; name = "Pods-lyralabs-tvOSTests.release.xcconfig"; path = "Target Support Files/Pods-lyralabs-tvOSTests/Pods-lyralabs-tvOSTests.release.xcconfig"; sourceTree = "<group>"; };
		94B41D867BAD48778AD5F84C /* OpenSauceSans-Medium.ttf */ = {isa = PBXFileReference; explicitFileType = undefined; fileEncoding = 9; includeInIndex = 0; lastKnownFileType = unknown; name = "OpenSauceSans-Medium.ttf"; path = "../assets/fonts/OpenSauceSans-Medium.ttf"; sourceTree = "<group>"; };
		9AF781FFF03F4D2B9A8C6296 /* OpenSauceSans-MediumItalic.ttf */ = {isa = PBXFileReference; explicitFileType = undefined; fileEncoding = 9; includeInIndex = 0; lastKnownFileType = unknown; name = "OpenSauceSans-MediumItalic.ttf"; path = "../assets/fonts/OpenSauceSans-MediumItalic.ttf"; sourceTree = "<group>"; };
		9FA4D73352E04A1612253370 /* libPods-lyralabs.a */ = {isa = PBXFileReference; explicitFileType = archive.ar; includeInIndex = 0; path = "libPods-lyralabs.a"; sourceTree = BUILT_PRODUCTS_DIR; };
		A3FAAD782F0A4629ABB649B4 /* DMSans-Medium.ttf */ = {isa = PBXFileReference; explicitFileType = undefined; fileEncoding = 9; includeInIndex = 0; lastKnownFileType = unknown; name = "DMSans-Medium.ttf"; path = "../assets/fonts/DMSans-Medium.ttf"; sourceTree = "<group>"; };
		A67493645FC04C598B356026 /* Roboto-BoldItalic.ttf */ = {isa = PBXFileReference; explicitFileType = undefined; fileEncoding = 9; includeInIndex = 0; lastKnownFileType = unknown; name = "Roboto-BoldItalic.ttf"; path = "../assets/fonts/Roboto-BoldItalic.ttf"; sourceTree = "<group>"; };
		A92097AF26A6449BBBF866E9 /* OpenSans-ExtraBoldItalic.ttf */ = {isa = PBXFileReference; explicitFileType = undefined; fileEncoding = 9; includeInIndex = 0; lastKnownFileType = unknown; name = "OpenSans-ExtraBoldItalic.ttf"; path = "../assets/fonts/OpenSans-ExtraBoldItalic.ttf"; sourceTree = "<group>"; };
		AC83F463BE7C484D9FA2D254 /* RobotoSlab-Light.ttf */ = {isa = PBXFileReference; explicitFileType = undefined; fileEncoding = 9; includeInIndex = 0; lastKnownFileType = unknown; name = "RobotoSlab-Light.ttf"; path = "../assets/fonts/RobotoSlab-Light.ttf"; sourceTree = "<group>"; };
		AFC7FD595A5942A5A803D2F4 /* RobotoSlab-Bold.ttf */ = {isa = PBXFileReference; explicitFileType = undefined; fileEncoding = 9; includeInIndex = 0; lastKnownFileType = unknown; name = "RobotoSlab-Bold.ttf"; path = "../assets/fonts/RobotoSlab-Bold.ttf"; sourceTree = "<group>"; };
		B04E9D2484724B39910BC664 /* DMSans-MediumItalic.ttf */ = {isa = PBXFileReference; explicitFileType = undefined; fileEncoding = 9; includeInIndex = 0; lastKnownFileType = unknown; name = "DMSans-MediumItalic.ttf"; path = "../assets/fonts/DMSans-MediumItalic.ttf"; sourceTree = "<group>"; };
		B1A125D70734F621AF6B922C /* libPods-lyralabs-tvOSTests.a */ = {isa = PBXFileReference; explicitFileType = archive.ar; includeInIndex = 0; path = "libPods-lyralabs-tvOSTests.a"; sourceTree = BUILT_PRODUCTS_DIR; };
		B48915D12A4A400AB640E8FC /* RobotoMono-Medium.ttf */ = {isa = PBXFileReference; explicitFileType = undefined; fileEncoding = 9; includeInIndex = 0; lastKnownFileType = unknown; name = "RobotoMono-Medium.ttf"; path = "../assets/fonts/RobotoMono-Medium.ttf"; sourceTree = "<group>"; };
		B6490EC1A0F54C72B4BF6AFA /* Montserrat-Bold.ttf */ = {isa = PBXFileReference; explicitFileType = undefined; fileEncoding = 9; includeInIndex = 0; lastKnownFileType = unknown; name = "Montserrat-Bold.ttf"; path = "../assets/fonts/Montserrat-Bold.ttf"; sourceTree = "<group>"; };
		B7D6FB3E42B34B7BAA243C68 /* Roboto-MediumItalic.ttf */ = {isa = PBXFileReference; explicitFileType = undefined; fileEncoding = 9; includeInIndex = 0; lastKnownFileType = unknown; name = "Roboto-MediumItalic.ttf"; path = "../assets/fonts/Roboto-MediumItalic.ttf"; sourceTree = "<group>"; };
		BA08CEF048B2425CA2F220E6 /* OpenSans-BoldItalic.ttf */ = {isa = PBXFileReference; explicitFileType = undefined; fileEncoding = 9; includeInIndex = 0; lastKnownFileType = unknown; name = "OpenSans-BoldItalic.ttf"; path = "../assets/fonts/OpenSans-BoldItalic.ttf"; sourceTree = "<group>"; };
		BAC672972E10A9E12DF31F88 /* Pods-lyralabs-tvOS.debug.xcconfig */ = {isa = PBXFileReference; includeInIndex = 1; lastKnownFileType = text.xcconfig; name = "Pods-lyralabs-tvOS.debug.xcconfig"; path = "Target Support Files/Pods-lyralabs-tvOS/Pods-lyralabs-tvOS.debug.xcconfig"; sourceTree = "<group>"; };
		BCFDCD9093EC462D9FC7337D /* Milkshake.ttf */ = {isa = PBXFileReference; explicitFileType = undefined; fileEncoding = 9; includeInIndex = 0; lastKnownFileType = unknown; name = Milkshake.ttf; path = ../assets/fonts/Milkshake.ttf; sourceTree = "<group>"; };
		C23C9A64D414490B85DE366F /* OpenSauceSans-BoldItalic.ttf */ = {isa = PBXFileReference; explicitFileType = undefined; fileEncoding = 9; includeInIndex = 0; lastKnownFileType = unknown; name = "OpenSauceSans-BoldItalic.ttf"; path = "../assets/fonts/OpenSauceSans-BoldItalic.ttf"; sourceTree = "<group>"; };
		C966DE1334BD4A9BBF348282 /* OpenSauceSans-Bold.ttf */ = {isa = PBXFileReference; explicitFileType = undefined; fileEncoding = 9; includeInIndex = 0; lastKnownFileType = unknown; name = "OpenSauceSans-Bold.ttf"; path = "../assets/fonts/OpenSauceSans-Bold.ttf"; sourceTree = "<group>"; };
		CBA41BED95914F859B4E95DD /* OpenSauceSans-Light.ttf */ = {isa = PBXFileReference; explicitFileType = undefined; fileEncoding = 9; includeInIndex = 0; lastKnownFileType = unknown; name = "OpenSauceSans-Light.ttf"; path = "../assets/fonts/OpenSauceSans-Light.ttf"; sourceTree = "<group>"; };
		D855D53F2A1945FB988C3444 /* Roboto-Bold.ttf */ = {isa = PBXFileReference; explicitFileType = undefined; fileEncoding = 9; includeInIndex = 0; lastKnownFileType = unknown; name = "Roboto-Bold.ttf"; path = "../assets/fonts/Roboto-Bold.ttf"; sourceTree = "<group>"; };
		D9D9BFA365E59D7FE414380D /* libPods-lyralabs-lyralabsTests.a */ = {isa = PBXFileReference; explicitFileType = archive.ar; includeInIndex = 0; path = "libPods-lyralabs-lyralabsTests.a"; sourceTree = BUILT_PRODUCTS_DIR; };
		DC5D785DA4EF4FE9B6CFD2EB /* Roboto-ThinItalic.ttf */ = {isa = PBXFileReference; explicitFileType = undefined; fileEncoding = 9; includeInIndex = 0; lastKnownFileType = unknown; name = "Roboto-ThinItalic.ttf"; path = "../assets/fonts/Roboto-ThinItalic.ttf"; sourceTree = "<group>"; };
		DCFD5CCD38464D79AAFFCB5B /* Montserrat-Regular.ttf */ = {isa = PBXFileReference; explicitFileType = undefined; fileEncoding = 9; includeInIndex = 0; lastKnownFileType = unknown; name = "Montserrat-Regular.ttf"; path = "../assets/fonts/Montserrat-Regular.ttf"; sourceTree = "<group>"; };
		E45C3E7FF7804ACEB11F8C4D /* OpenSauceSans-Black.ttf */ = {isa = PBXFileReference; explicitFileType = undefined; fileEncoding = 9; includeInIndex = 0; lastKnownFileType = unknown; name = "OpenSauceSans-Black.ttf"; path = "../assets/fonts/OpenSauceSans-Black.ttf"; sourceTree = "<group>"; };
		E48FAB2471FB44A8AA0D26B5 /* Roboto-LightItalic.ttf */ = {isa = PBXFileReference; explicitFileType = undefined; fileEncoding = 9; includeInIndex = 0; lastKnownFileType = unknown; name = "Roboto-LightItalic.ttf"; path = "../assets/fonts/Roboto-LightItalic.ttf"; sourceTree = "<group>"; };
		E4E9BFB146AA423EBF601790 /* RobotoMono-Regular.ttf */ = {isa = PBXFileReference; explicitFileType = undefined; fileEncoding = 9; includeInIndex = 0; lastKnownFileType = unknown; name = "RobotoMono-Regular.ttf"; path = "../assets/fonts/RobotoMono-Regular.ttf"; sourceTree = "<group>"; };
		E7C7022D85C9462B8B453C89 /* RobotoMono-Thin.ttf */ = {isa = PBXFileReference; explicitFileType = undefined; fileEncoding = 9; includeInIndex = 0; lastKnownFileType = unknown; name = "RobotoMono-Thin.ttf"; path = "../assets/fonts/RobotoMono-Thin.ttf"; sourceTree = "<group>"; };
		EC9EB77FAD174332AFD3E65B /* RobotoSlab-Thin.ttf */ = {isa = PBXFileReference; explicitFileType = undefined; fileEncoding = 9; includeInIndex = 0; lastKnownFileType = unknown; name = "RobotoSlab-Thin.ttf"; path = "../assets/fonts/RobotoSlab-Thin.ttf"; sourceTree = "<group>"; };
		ED297162215061F000B7C4FE /* JavaScriptCore.framework */ = {isa = PBXFileReference; lastKnownFileType = wrapper.framework; name = JavaScriptCore.framework; path = System/Library/Frameworks/JavaScriptCore.framework; sourceTree = SDKROOT; };
		ED2971642150620600B7C4FE /* JavaScriptCore.framework */ = {isa = PBXFileReference; lastKnownFileType = wrapper.framework; name = JavaScriptCore.framework; path = Platforms/AppleTVOS.platform/Developer/SDKs/AppleTVOS12.0.sdk/System/Library/Frameworks/JavaScriptCore.framework; sourceTree = DEVELOPER_DIR; };
		ED9546F17E0447ABB3920E95 /* RobotoMono-MediumItalic.ttf */ = {isa = PBXFileReference; explicitFileType = undefined; fileEncoding = 9; includeInIndex = 0; lastKnownFileType = unknown; name = "RobotoMono-MediumItalic.ttf"; path = "../assets/fonts/RobotoMono-MediumItalic.ttf"; sourceTree = "<group>"; };
		EEFFB97647C84AC88BA521FE /* RobotoMono-ThinItalic.ttf */ = {isa = PBXFileReference; explicitFileType = undefined; fileEncoding = 9; includeInIndex = 0; lastKnownFileType = unknown; name = "RobotoMono-ThinItalic.ttf"; path = "../assets/fonts/RobotoMono-ThinItalic.ttf"; sourceTree = "<group>"; };
		F23B7116F3114045B0195EA7 /* Montserrat-Medium.ttf */ = {isa = PBXFileReference; explicitFileType = undefined; fileEncoding = 9; includeInIndex = 0; lastKnownFileType = unknown; name = "Montserrat-Medium.ttf"; path = "../assets/fonts/Montserrat-Medium.ttf"; sourceTree = "<group>"; };
		F287DE98E62B4B63B6088BBE /* OpenSans-Italic.ttf */ = {isa = PBXFileReference; explicitFileType = undefined; fileEncoding = 9; includeInIndex = 0; lastKnownFileType = unknown; name = "OpenSans-Italic.ttf"; path = "../assets/fonts/OpenSans-Italic.ttf"; sourceTree = "<group>"; };
		F2F70717BA08040B93A753B5 /* Pods-lyralabs.release.xcconfig */ = {isa = PBXFileReference; includeInIndex = 1; lastKnownFileType = text.xcconfig; name = "Pods-lyralabs.release.xcconfig"; path = "Target Support Files/Pods-lyralabs/Pods-lyralabs.release.xcconfig"; sourceTree = "<group>"; };
		FAE5E39FA7A24C609646733C /* Indigo Regular.ttf */ = {isa = PBXFileReference; explicitFileType = undefined; fileEncoding = 9; includeInIndex = 0; lastKnownFileType = unknown; name = "Indigo Regular.ttf"; path = "../assets/fonts/Indigo Regular.ttf"; sourceTree = "<group>"; };
/* End PBXFileReference section */

/* Begin PBXFrameworksBuildPhase section */
		00E356EB1AD99517003FC87E /* Frameworks */ = {
			isa = PBXFrameworksBuildPhase;
			buildActionMask = 2147483647;
			files = (
				C7134AB6D0DFD8B6F46CAE89 /* libPods-lyralabs-lyralabsTests.a in Frameworks */,
			);
			runOnlyForDeploymentPostprocessing = 0;
		};
		13B07F8C1A680F5B00A75B9A /* Frameworks */ = {
			isa = PBXFrameworksBuildPhase;
			buildActionMask = 2147483647;
			files = (
				93104329370F8DD65F85220A /* libPods-lyralabs.a in Frameworks */,
			);
			runOnlyForDeploymentPostprocessing = 0;
		};
		47F9577C24B7FCB900D2BBEC /* Frameworks */ = {
			isa = PBXFrameworksBuildPhase;
			buildActionMask = 2147483647;
			files = (
				47F9578D24B80C5C00D2BBEC /* KeychainAccess.framework in Frameworks */,
			);
			runOnlyForDeploymentPostprocessing = 0;
		};
/* End PBXFrameworksBuildPhase section */

/* Begin PBXGroup section */
		00E356EF1AD99517003FC87E /* lyralabsTests */ = {
			isa = PBXGroup;
			children = (
				00E356F21AD99517003FC87E /* lyralabsTests.m */,
				00E356F01AD99517003FC87E /* Supporting Files */,
			);
			path = lyralabsTests;
			sourceTree = "<group>";
		};
		00E356F01AD99517003FC87E /* Supporting Files */ = {
			isa = PBXGroup;
			children = (
				00E356F11AD99517003FC87E /* Info.plist */,
			);
			name = "Supporting Files";
			sourceTree = "<group>";
		};
		13B07FAE1A68108700A75B9A /* lyralabs */ = {
			isa = PBXGroup;
			children = (
				47BB08F42495CAF300D9C925 /* lyralabs.entitlements */,
				008F07F21AC5B25A0029DE68 /* main.jsbundle */,
				13B07FAF1A68108700A75B9A /* AppDelegate.h */,
				13B07FB01A68108700A75B9A /* AppDelegate.m */,
				13B07FB51A68108700A75B9A /* Images.xcassets */,
				13B07FB61A68108700A75B9A /* Info.plist */,
				13B07FB11A68108700A75B9A /* LaunchScreen.xib */,
				13B07FB71A68108700A75B9A /* main.m */,
			);
			name = lyralabs;
			sourceTree = "<group>";
		};
		2D16E6871FA4F8E400B85C8A /* Frameworks */ = {
			isa = PBXGroup;
			children = (
				ED297162215061F000B7C4FE /* JavaScriptCore.framework */,
				ED2971642150620600B7C4FE /* JavaScriptCore.framework */,
				9FA4D73352E04A1612253370 /* libPods-lyralabs.a */,
				D9D9BFA365E59D7FE414380D /* libPods-lyralabs-lyralabsTests.a */,
				58CB3FA737601904B1BEF341 /* libPods-lyralabs-tvOS.a */,
				B1A125D70734F621AF6B922C /* libPods-lyralabs-tvOSTests.a */,
			);
			name = Frameworks;
			sourceTree = "<group>";
		};
		47673C6724A9A3B9004826F7 /* Products */ = {
			isa = PBXGroup;
			children = (
				47673C6D24A9A3B9004826F7 /* KeychainAccess.framework */,
				47673C6F24A9A3B9004826F7 /* KeychainAccessTests.xctest */,
				47673C7124A9A3B9004826F7 /* TestHost.app */,
			);
			name = Products;
			sourceTree = "<group>";
		};
		47F9578024B7FCB900D2BBEC /* Save */ = {
			isa = PBXGroup;
			children = (
				47F9579024B80D4C00D2BBEC /* Save.entitlements */,
				47F9578124B7FCB900D2BBEC /* ShareViewController.swift */,
				47F9578324B7FCB900D2BBEC /* MainInterface.storyboard */,
				47F9578624B7FCB900D2BBEC /* Info.plist */,
			);
			path = Save;
			sourceTree = "<group>";
		};
		50F063DFD00642DEAACB979C /* Resources */ = {
			isa = PBXGroup;
			children = (
				1625F590F91D4E899549920B /* DMSans-Bold.ttf */,
				3243742635EA4C4A89DB501F /* DMSans-BoldItalic.ttf */,
				0775BB868A664A09987972A4 /* DMSans-Italic.ttf */,
				A3FAAD782F0A4629ABB649B4 /* DMSans-Medium.ttf */,
				B04E9D2484724B39910BC664 /* DMSans-MediumItalic.ttf */,
				0D9FEDB7D5AD40F8935E0FA0 /* DMSans-Regular.ttf */,
				E45C3E7FF7804ACEB11F8C4D /* OpenSauceSans-Black.ttf */,
				42FA48319709468183D1B65E /* OpenSauceSans-BlackItalic.ttf */,
				C966DE1334BD4A9BBF348282 /* OpenSauceSans-Bold.ttf */,
				C23C9A64D414490B85DE366F /* OpenSauceSans-BoldItalic.ttf */,
				34E36B2835904F788F71C3D2 /* OpenSauceSans-ExtraBold.ttf */,
				5D94E7B3A1864C498EC8D883 /* OpenSauceSans-ExtraBoldItalic.ttf */,
				4C3203441B3D475DB3CA6FB6 /* OpenSauceSans-Italic.ttf */,
				CBA41BED95914F859B4E95DD /* OpenSauceSans-Light.ttf */,
				3E5D868DFF3A4D8FB0AAE0A5 /* OpenSauceSans-LightItalic.ttf */,
				94B41D867BAD48778AD5F84C /* OpenSauceSans-Medium.ttf */,
				9AF781FFF03F4D2B9A8C6296 /* OpenSauceSans-MediumItalic.ttf */,
				4F19DE1E85194FE8B4EE9954 /* OpenSauceSans-Regular.ttf */,
				56C00C69B8AE499D85C401E7 /* OpenSauceSans-SemiBold.ttf */,
				6CCD1274BD7D411D9EC7B8A9 /* OpenSauceSans-SemiBoldItalic.ttf */,
				75673AACABE84C658F0820DB /* RobotoMono-Bold.ttf */,
				8D7670FF9408468386F09ADF /* RobotoMono-BoldItalic.ttf */,
				5DACB78D0CE34BAC89B3CF21 /* RobotoMono-Italic.ttf */,
				7F96D5B0BFCA4AB297162D78 /* RobotoMono-Light.ttf */,
				2139285DCA4C41E1AE077B87 /* RobotoMono-LightItalic.ttf */,
				B48915D12A4A400AB640E8FC /* RobotoMono-Medium.ttf */,
				ED9546F17E0447ABB3920E95 /* RobotoMono-MediumItalic.ttf */,
				E4E9BFB146AA423EBF601790 /* RobotoMono-Regular.ttf */,
				E7C7022D85C9462B8B453C89 /* RobotoMono-Thin.ttf */,
				EEFFB97647C84AC88BA521FE /* RobotoMono-ThinItalic.ttf */,
				7A4D0EB739804D3DB49CB333 /* Flix-Normal.ttf */,
				035535B7AC994ACAB6A32BE3 /* Flix-Outline.ttf */,
				132384315241477DB77F1AD6 /* Foundry-Font Pack.ttf */,
				FAE5E39FA7A24C609646733C /* Indigo Regular.ttf */,
				4782518AB16C48AD818FD6B9 /* IndigoOutlineFont-Regular.ttf */,
				BCFDCD9093EC462D9FC7337D /* Milkshake.ttf */,
				2BC55FBAC3314F40B172DC2F /* Portico Outline.otf */,
				5BF9DE86014D48F082B6E49C /* RobotoSlab-Black.ttf */,
				AFC7FD595A5942A5A803D2F4 /* RobotoSlab-Bold.ttf */,
				AC83F463BE7C484D9FA2D254 /* RobotoSlab-Light.ttf */,
				23442604D5784B8284790E9B /* RobotoSlab-Medium.ttf */,
				9118B7BA9F7346F0BC49907B /* RobotoSlab-Regular.ttf */,
				EC9EB77FAD174332AFD3E65B /* RobotoSlab-Thin.ttf */,
				5EC15622606F4EB1A2C13A3D /* OpenSans-Bold.ttf */,
				BA08CEF048B2425CA2F220E6 /* OpenSans-BoldItalic.ttf */,
				5AC687AB537741C3B465D5E3 /* OpenSans-ExtraBold.ttf */,
				A92097AF26A6449BBBF866E9 /* OpenSans-ExtraBoldItalic.ttf */,
				F287DE98E62B4B63B6088BBE /* OpenSans-Italic.ttf */,
				77756C7B0C194F4EB10875FA /* OpenSans-Light.ttf */,
				063337ED884343C086773306 /* OpenSans-LightItalic.ttf */,
				8AACD45DE66A410795C7CCAF /* OpenSans-Regular.ttf */,
				516D16F169544949B57BF6AC /* OpenSans-SemiBold.ttf */,
				5A7CA1BFA8B1464EA744EFAD /* OpenSans-SemiBoldItalic.ttf */,
				1B13082F46914BF2AE801D79 /* Roboto-Black.ttf */,
				617ED1AC2FF44AF3A882422E /* Roboto-BlackItalic.ttf */,
				D855D53F2A1945FB988C3444 /* Roboto-Bold.ttf */,
				A67493645FC04C598B356026 /* Roboto-BoldItalic.ttf */,
				6034EB0C03E54FA19E626B94 /* Roboto-Italic.ttf */,
				41D980434F184F0FA3F29E04 /* Roboto-Light.ttf */,
				E48FAB2471FB44A8AA0D26B5 /* Roboto-LightItalic.ttf */,
				6DEAE6643E284F63AD3B833E /* Roboto-Medium.ttf */,
				B7D6FB3E42B34B7BAA243C68 /* Roboto-MediumItalic.ttf */,
				24CB75812F434B67AFEFE26A /* Roboto-Regular.ttf */,
				0D2D2C6D39B44727B0B061D4 /* Roboto-Thin.ttf */,
				DC5D785DA4EF4FE9B6CFD2EB /* Roboto-ThinItalic.ttf */,
				B6490EC1A0F54C72B4BF6AFA /* Montserrat-Bold.ttf */,
				F23B7116F3114045B0195EA7 /* Montserrat-Medium.ttf */,
				DCFD5CCD38464D79AAFFCB5B /* Montserrat-Regular.ttf */,
				105DBCFE7EE54194BEC01535 /* Montserrat-SemiBold.ttf */,
			);
			name = Resources;
			sourceTree = "<group>";
		};
		832341AE1AAA6A7D00B99B32 /* Libraries */ = {
			isa = PBXGroup;
			children = (
			);
			name = Libraries;
			sourceTree = "<group>";
		};
		83CBB9F61A601CBA00E9B192 = {
			isa = PBXGroup;
			children = (
				47673C6624A9A3B9004826F7 /* KeychainAccess.xcodeproj */,
				13B07FAE1A68108700A75B9A /* lyralabs */,
				832341AE1AAA6A7D00B99B32 /* Libraries */,
				00E356EF1AD99517003FC87E /* lyralabsTests */,
				47F9578024B7FCB900D2BBEC /* Save */,
				83CBBA001A601CBA00E9B192 /* Products */,
				2D16E6871FA4F8E400B85C8A /* Frameworks */,
				C62BE51CEB5C65262F166F50 /* Pods */,
				50F063DFD00642DEAACB979C /* Resources */,
			);
			indentWidth = 2;
			sourceTree = "<group>";
			tabWidth = 2;
			usesTabs = 0;
		};
		83CBBA001A601CBA00E9B192 /* Products */ = {
			isa = PBXGroup;
			children = (
				13B07F961A680F5B00A75B9A /* lyralabs.app */,
				00E356EE1AD99517003FC87E /* lyralabsTests.xctest */,
				47F9577F24B7FCB900D2BBEC /* Save.appex */,
			);
			name = Products;
			sourceTree = "<group>";
		};
		C62BE51CEB5C65262F166F50 /* Pods */ = {
			isa = PBXGroup;
			children = (
				199DB80BDF8E4014EECB00AE /* Pods-lyralabs.debug.xcconfig */,
				F2F70717BA08040B93A753B5 /* Pods-lyralabs.release.xcconfig */,
				408D3221D0722ACD27998203 /* Pods-lyralabs-lyralabsTests.debug.xcconfig */,
				81BE30766C96B2E72866F413 /* Pods-lyralabs-lyralabsTests.release.xcconfig */,
				BAC672972E10A9E12DF31F88 /* Pods-lyralabs-tvOS.debug.xcconfig */,
				6CEE78AF509292D796788EC3 /* Pods-lyralabs-tvOS.release.xcconfig */,
				724877CDF18FD147245B82D9 /* Pods-lyralabs-tvOSTests.debug.xcconfig */,
				92B9EAE0D4EC10FCF9F8B463 /* Pods-lyralabs-tvOSTests.release.xcconfig */,
				764A40AA523EF623D8F61039 /* Pods-MyShareEx.debug.xcconfig */,
				794CFD752E7EAA81F7BFCB79 /* Pods-MyShareEx.release.xcconfig */,
			);
			path = Pods;
			sourceTree = "<group>";
		};
/* End PBXGroup section */

/* Begin PBXNativeTarget section */
		00E356ED1AD99517003FC87E /* lyralabsTests */ = {
			isa = PBXNativeTarget;
			buildConfigurationList = 00E357021AD99517003FC87E /* Build configuration list for PBXNativeTarget "lyralabsTests" */;
			buildPhases = (
				165DE95BE95A40D9BFFFDCFC /* [CP] Check Pods Manifest.lock */,
				00E356EA1AD99517003FC87E /* Sources */,
				00E356EB1AD99517003FC87E /* Frameworks */,
				00E356EC1AD99517003FC87E /* Resources */,
				24108695E4D4A37143ED3771 /* [CP] Copy Pods Resources */,
			);
			buildRules = (
			);
			dependencies = (
				00E356F51AD99517003FC87E /* PBXTargetDependency */,
			);
			name = lyralabsTests;
			productName = lyralabsTests;
			productReference = 00E356EE1AD99517003FC87E /* lyralabsTests.xctest */;
			productType = "com.apple.product-type.bundle.unit-test";
		};
		13B07F861A680F5B00A75B9A /* lyralabs */ = {
			isa = PBXNativeTarget;
			buildConfigurationList = 13B07F931A680F5B00A75B9A /* Build configuration list for PBXNativeTarget "lyralabs" */;
			buildPhases = (
				465DE1DBAFAA7E35F1B6A5F0 /* [CP] Check Pods Manifest.lock */,
				FD10A7F022414F080027D42C /* Start Packager */,
				13B07F871A680F5B00A75B9A /* Sources */,
				13B07F8C1A680F5B00A75B9A /* Frameworks */,
				13B07F8E1A680F5B00A75B9A /* Resources */,
				00DD1BFF1BD5951E006B06BC /* Bundle React Native code and images */,
				47BB08F02495C71600D9C925 /* Embed App Extensions */,
				7428E728593A5DFCC80911BA /* [CP] Copy Pods Resources */,
			);
			buildRules = (
			);
			dependencies = (
				47F9578824B7FCB900D2BBEC /* PBXTargetDependency */,
			);
			name = lyralabs;
			productName = lyralabs;
			productReference = 13B07F961A680F5B00A75B9A /* lyralabs.app */;
			productType = "com.apple.product-type.application";
		};
		47F9577E24B7FCB900D2BBEC /* Save */ = {
			isa = PBXNativeTarget;
			buildConfigurationList = 47F9578A24B7FCB900D2BBEC /* Build configuration list for PBXNativeTarget "Save" */;
			buildPhases = (
				47F9577B24B7FCB900D2BBEC /* Sources */,
				47F9577C24B7FCB900D2BBEC /* Frameworks */,
				47F9577D24B7FCB900D2BBEC /* Resources */,
				47F9578F24B80C5C00D2BBEC /* Embed Frameworks */,
			);
			buildRules = (
			);
			dependencies = (
			);
			name = Save;
			productName = Save;
			productReference = 47F9577F24B7FCB900D2BBEC /* Save.appex */;
			productType = "com.apple.product-type.app-extension";
		};
/* End PBXNativeTarget section */

/* Begin PBXProject section */
		83CBB9F71A601CBA00E9B192 /* Project object */ = {
			isa = PBXProject;
			attributes = {
				LastSwiftUpdateCheck = 1150;
				LastUpgradeCheck = 1150;
				TargetAttributes = {
					00E356ED1AD99517003FC87E = {
						CreatedOnToolsVersion = 6.2;
						DevelopmentTeam = KU5GP44363;
						TestTargetID = 13B07F861A680F5B00A75B9A;
					};
					13B07F861A680F5B00A75B9A = {
						DevelopmentTeam = KU5GP44363;
						LastSwiftMigration = 1120;
						ProvisioningStyle = Automatic;
					};
					47F9577E24B7FCB900D2BBEC = {
						CreatedOnToolsVersion = 11.5;
						DevelopmentTeam = KU5GP44363;
						ProvisioningStyle = Automatic;
					};
				};
			};
			buildConfigurationList = 83CBB9FA1A601CBA00E9B192 /* Build configuration list for PBXProject "lyralabs" */;
			compatibilityVersion = "Xcode 3.2";
			developmentRegion = en;
			hasScannedForEncodings = 0;
			knownRegions = (
				en,
				Base,
			);
			mainGroup = 83CBB9F61A601CBA00E9B192;
			productRefGroup = 83CBBA001A601CBA00E9B192 /* Products */;
			projectDirPath = "";
			projectReferences = (
				{
					ProductGroup = 47673C6724A9A3B9004826F7 /* Products */;
					ProjectRef = 47673C6624A9A3B9004826F7 /* KeychainAccess.xcodeproj */;
				},
			);
			projectRoot = "";
			targets = (
				13B07F861A680F5B00A75B9A /* lyralabs */,
				00E356ED1AD99517003FC87E /* lyralabsTests */,
				47F9577E24B7FCB900D2BBEC /* Save */,
			);
		};
/* End PBXProject section */

/* Begin PBXReferenceProxy section */
		47673C6D24A9A3B9004826F7 /* KeychainAccess.framework */ = {
			isa = PBXReferenceProxy;
			fileType = wrapper.framework;
			path = KeychainAccess.framework;
			remoteRef = 47673C6C24A9A3B9004826F7 /* PBXContainerItemProxy */;
			sourceTree = BUILT_PRODUCTS_DIR;
		};
		47673C6F24A9A3B9004826F7 /* KeychainAccessTests.xctest */ = {
			isa = PBXReferenceProxy;
			fileType = wrapper.cfbundle;
			path = KeychainAccessTests.xctest;
			remoteRef = 47673C6E24A9A3B9004826F7 /* PBXContainerItemProxy */;
			sourceTree = BUILT_PRODUCTS_DIR;
		};
		47673C7124A9A3B9004826F7 /* TestHost.app */ = {
			isa = PBXReferenceProxy;
			fileType = wrapper.application;
			path = TestHost.app;
			remoteRef = 47673C7024A9A3B9004826F7 /* PBXContainerItemProxy */;
			sourceTree = BUILT_PRODUCTS_DIR;
		};
/* End PBXReferenceProxy section */

/* Begin PBXResourcesBuildPhase section */
		00E356EC1AD99517003FC87E /* Resources */ = {
			isa = PBXResourcesBuildPhase;
			buildActionMask = 2147483647;
			files = (
			);
			runOnlyForDeploymentPostprocessing = 0;
		};
		13B07F8E1A680F5B00A75B9A /* Resources */ = {
			isa = PBXResourcesBuildPhase;
			buildActionMask = 2147483647;
			files = (
				13B07FBF1A68108700A75B9A /* Images.xcassets in Resources */,
				13B07FBD1A68108700A75B9A /* LaunchScreen.xib in Resources */,
				0B3D55713CBD4D26A3DAC0DA /* Montserrat-Bold.ttf in Resources */,
				D11CCEBD8FD141FFB8AF2113 /* Montserrat-Medium.ttf in Resources */,
				27DBC9C3AD0F400884049D30 /* Montserrat-Regular.ttf in Resources */,
				7C8B43587E114192961920D2 /* Montserrat-SemiBold.ttf in Resources */,
			);
			runOnlyForDeploymentPostprocessing = 0;
		};
		47F9577D24B7FCB900D2BBEC /* Resources */ = {
			isa = PBXResourcesBuildPhase;
			buildActionMask = 2147483647;
			files = (
				47F9578524B7FCB900D2BBEC /* MainInterface.storyboard in Resources */,
			);
			runOnlyForDeploymentPostprocessing = 0;
		};
/* End PBXResourcesBuildPhase section */

/* Begin PBXShellScriptBuildPhase section */
		00DD1BFF1BD5951E006B06BC /* Bundle React Native code and images */ = {
			isa = PBXShellScriptBuildPhase;
			buildActionMask = 2147483647;
			files = (
			);
			inputPaths = (
			);
			name = "Bundle React Native code and images";
			outputPaths = (
			);
			runOnlyForDeploymentPostprocessing = 0;
			shellPath = /bin/sh;
			shellScript = "export NODE_BINARY=node\n../node_modules/react-native/scripts/react-native-xcode.sh";
		};
		165DE95BE95A40D9BFFFDCFC /* [CP] Check Pods Manifest.lock */ = {
			isa = PBXShellScriptBuildPhase;
			buildActionMask = 2147483647;
			files = (
			);
			inputFileListPaths = (
			);
			inputPaths = (
				"${PODS_PODFILE_DIR_PATH}/Podfile.lock",
				"${PODS_ROOT}/Manifest.lock",
			);
			name = "[CP] Check Pods Manifest.lock";
			outputFileListPaths = (
			);
			outputPaths = (
				"$(DERIVED_FILE_DIR)/Pods-lyralabs-lyralabsTests-checkManifestLockResult.txt",
			);
			runOnlyForDeploymentPostprocessing = 0;
			shellPath = /bin/sh;
			shellScript = "diff \"${PODS_PODFILE_DIR_PATH}/Podfile.lock\" \"${PODS_ROOT}/Manifest.lock\" > /dev/null\nif [ $? != 0 ] ; then\n    # print error to STDERR\n    echo \"error: The sandbox is not in sync with the Podfile.lock. Run 'pod install' or update your CocoaPods installation.\" >&2\n    exit 1\nfi\n# This output is used by Xcode 'outputs' to avoid re-running this script phase.\necho \"SUCCESS\" > \"${SCRIPT_OUTPUT_FILE_0}\"\n";
			showEnvVarsInLog = 0;
		};
		24108695E4D4A37143ED3771 /* [CP] Copy Pods Resources */ = {
			isa = PBXShellScriptBuildPhase;
			buildActionMask = 2147483647;
			files = (
			);
			inputPaths = (
				"${PODS_ROOT}/Target Support Files/Pods-lyralabs-lyralabsTests/Pods-lyralabs-lyralabsTests-resources.sh",
				"${PODS_CONFIGURATION_BUILD_DIR}/React-Core/AccessibilityResources.bundle",
			);
			name = "[CP] Copy Pods Resources";
			outputPaths = (
				"${TARGET_BUILD_DIR}/${UNLOCALIZED_RESOURCES_FOLDER_PATH}/AccessibilityResources.bundle",
			);
			runOnlyForDeploymentPostprocessing = 0;
			shellPath = /bin/sh;
			shellScript = "\"${PODS_ROOT}/Target Support Files/Pods-lyralabs-lyralabsTests/Pods-lyralabs-lyralabsTests-resources.sh\"\n";
			showEnvVarsInLog = 0;
		};
		465DE1DBAFAA7E35F1B6A5F0 /* [CP] Check Pods Manifest.lock */ = {
			isa = PBXShellScriptBuildPhase;
			buildActionMask = 2147483647;
			files = (
			);
			inputFileListPaths = (
			);
			inputPaths = (
				"${PODS_PODFILE_DIR_PATH}/Podfile.lock",
				"${PODS_ROOT}/Manifest.lock",
			);
			name = "[CP] Check Pods Manifest.lock";
			outputFileListPaths = (
			);
			outputPaths = (
				"$(DERIVED_FILE_DIR)/Pods-lyralabs-checkManifestLockResult.txt",
			);
			runOnlyForDeploymentPostprocessing = 0;
			shellPath = /bin/sh;
			shellScript = "diff \"${PODS_PODFILE_DIR_PATH}/Podfile.lock\" \"${PODS_ROOT}/Manifest.lock\" > /dev/null\nif [ $? != 0 ] ; then\n    # print error to STDERR\n    echo \"error: The sandbox is not in sync with the Podfile.lock. Run 'pod install' or update your CocoaPods installation.\" >&2\n    exit 1\nfi\n# This output is used by Xcode 'outputs' to avoid re-running this script phase.\necho \"SUCCESS\" > \"${SCRIPT_OUTPUT_FILE_0}\"\n";
			showEnvVarsInLog = 0;
		};
		7428E728593A5DFCC80911BA /* [CP] Copy Pods Resources */ = {
			isa = PBXShellScriptBuildPhase;
			buildActionMask = 2147483647;
			files = (
			);
			inputPaths = (
				"${PODS_ROOT}/Target Support Files/Pods-lyralabs/Pods-lyralabs-resources.sh",
				"${PODS_CONFIGURATION_BUILD_DIR}/React-Core/AccessibilityResources.bundle",
			);
			name = "[CP] Copy Pods Resources";
			outputPaths = (
				"${TARGET_BUILD_DIR}/${UNLOCALIZED_RESOURCES_FOLDER_PATH}/AccessibilityResources.bundle",
			);
			runOnlyForDeploymentPostprocessing = 0;
			shellPath = /bin/sh;
			shellScript = "\"${PODS_ROOT}/Target Support Files/Pods-lyralabs/Pods-lyralabs-resources.sh\"\n";
			showEnvVarsInLog = 0;
		};
		FD10A7F022414F080027D42C /* Start Packager */ = {
			isa = PBXShellScriptBuildPhase;
			buildActionMask = 2147483647;
			files = (
			);
			inputFileListPaths = (
			);
			inputPaths = (
			);
			name = "Start Packager";
			outputFileListPaths = (
			);
			outputPaths = (
			);
			runOnlyForDeploymentPostprocessing = 0;
			shellPath = /bin/sh;
			shellScript = "export RCT_METRO_PORT=\"${RCT_METRO_PORT:=8081}\"\necho \"export RCT_METRO_PORT=${RCT_METRO_PORT}\" > \"${SRCROOT}/../node_modules/react-native/scripts/.packager.env\"\nif [ -z \"${RCT_NO_LAUNCH_PACKAGER+xxx}\" ] ; then\n  if nc -w 5 -z localhost ${RCT_METRO_PORT} ; then\n    if ! curl -s \"http://localhost:${RCT_METRO_PORT}/status\" | grep -q \"packager-status:running\" ; then\n      echo \"Port ${RCT_METRO_PORT} already in use, packager is either not running or not running correctly\"\n      exit 2\n    fi\n  else\n    open \"$SRCROOT/../node_modules/react-native/scripts/launchPackager.command\" || echo \"Can't start packager automatically\"\n  fi\nfi\n";
			showEnvVarsInLog = 0;
		};
/* End PBXShellScriptBuildPhase section */

/* Begin PBXSourcesBuildPhase section */
		00E356EA1AD99517003FC87E /* Sources */ = {
			isa = PBXSourcesBuildPhase;
			buildActionMask = 2147483647;
			files = (
				00E356F31AD99517003FC87E /* lyralabsTests.m in Sources */,
			);
			runOnlyForDeploymentPostprocessing = 0;
		};
		13B07F871A680F5B00A75B9A /* Sources */ = {
			isa = PBXSourcesBuildPhase;
			buildActionMask = 2147483647;
			files = (
				13B07FBC1A68108700A75B9A /* AppDelegate.m in Sources */,
				13B07FC11A68108700A75B9A /* main.m in Sources */,
			);
			runOnlyForDeploymentPostprocessing = 0;
		};
		47F9577B24B7FCB900D2BBEC /* Sources */ = {
			isa = PBXSourcesBuildPhase;
			buildActionMask = 2147483647;
			files = (
				47F9578224B7FCB900D2BBEC /* ShareViewController.swift in Sources */,
			);
			runOnlyForDeploymentPostprocessing = 0;
		};
/* End PBXSourcesBuildPhase section */

/* Begin PBXTargetDependency section */
		00E356F51AD99517003FC87E /* PBXTargetDependency */ = {
			isa = PBXTargetDependency;
			target = 13B07F861A680F5B00A75B9A /* lyralabs */;
			targetProxy = 00E356F41AD99517003FC87E /* PBXContainerItemProxy */;
		};
		47F9578824B7FCB900D2BBEC /* PBXTargetDependency */ = {
			isa = PBXTargetDependency;
			target = 47F9577E24B7FCB900D2BBEC /* Save */;
			targetProxy = 47F9578724B7FCB900D2BBEC /* PBXContainerItemProxy */;
		};
/* End PBXTargetDependency section */

/* Begin PBXVariantGroup section */
		13B07FB11A68108700A75B9A /* LaunchScreen.xib */ = {
			isa = PBXVariantGroup;
			children = (
				13B07FB21A68108700A75B9A /* Base */,
			);
			name = LaunchScreen.xib;
			path = lyralabs;
			sourceTree = "<group>";
		};
		47F9578324B7FCB900D2BBEC /* MainInterface.storyboard */ = {
			isa = PBXVariantGroup;
			children = (
				47F9578424B7FCB900D2BBEC /* Base */,
			);
			name = MainInterface.storyboard;
			sourceTree = "<group>";
		};
/* End PBXVariantGroup section */

/* Begin XCBuildConfiguration section */
		00E356F61AD99517003FC87E /* Debug */ = {
			isa = XCBuildConfiguration;
			baseConfigurationReference = 408D3221D0722ACD27998203 /* Pods-lyralabs-lyralabsTests.debug.xcconfig */;
			buildSettings = {
				ALWAYS_EMBED_SWIFT_STANDARD_LIBRARIES = YES;
				BUNDLE_LOADER = "$(TEST_HOST)";
				"CODE_SIGN_IDENTITY[sdk=macosx*]" = "Apple Development";
				DEVELOPMENT_TEAM = KU5GP44363;
				GCC_PREPROCESSOR_DEFINITIONS = (
					"DEBUG=1",
					"$(inherited)",
				);
				INFOPLIST_FILE = lyralabsTests/Info.plist;
				IPHONEOS_DEPLOYMENT_TARGET = 9.0;
				LD_RUNPATH_SEARCH_PATHS = "$(inherited) @executable_path/Frameworks @loader_path/Frameworks";
				OTHER_LDFLAGS = (
					"-ObjC",
					"-lc++",
					"$(inherited)",
				);
				PRODUCT_BUNDLE_IDENTIFIER = "org.reactjs.native.example.$(PRODUCT_NAME:rfc1034identifier)";
				PRODUCT_NAME = "$(TARGET_NAME)";
				TEST_HOST = "$(BUILT_PRODUCTS_DIR)/lyralabs.app/lyralabs";
			};
			name = Debug;
		};
		00E356F71AD99517003FC87E /* Release */ = {
			isa = XCBuildConfiguration;
			baseConfigurationReference = 81BE30766C96B2E72866F413 /* Pods-lyralabs-lyralabsTests.release.xcconfig */;
			buildSettings = {
				ALWAYS_EMBED_SWIFT_STANDARD_LIBRARIES = YES;
				BUNDLE_LOADER = "$(TEST_HOST)";
				"CODE_SIGN_IDENTITY[sdk=macosx*]" = "Apple Development";
				COPY_PHASE_STRIP = NO;
				DEVELOPMENT_TEAM = KU5GP44363;
				INFOPLIST_FILE = lyralabsTests/Info.plist;
				IPHONEOS_DEPLOYMENT_TARGET = 9.0;
				LD_RUNPATH_SEARCH_PATHS = "$(inherited) @executable_path/Frameworks @loader_path/Frameworks";
				OTHER_LDFLAGS = (
					"-ObjC",
					"-lc++",
					"$(inherited)",
				);
				PRODUCT_BUNDLE_IDENTIFIER = "org.reactjs.native.example.$(PRODUCT_NAME:rfc1034identifier)";
				PRODUCT_NAME = "$(TARGET_NAME)";
				TEST_HOST = "$(BUILT_PRODUCTS_DIR)/lyralabs.app/lyralabs";
			};
			name = Release;
		};
		13B07F941A680F5B00A75B9A /* Debug */ = {
			isa = XCBuildConfiguration;
			baseConfigurationReference = 199DB80BDF8E4014EECB00AE /* Pods-lyralabs.debug.xcconfig */;
			buildSettings = {
				ALWAYS_EMBED_SWIFT_STANDARD_LIBRARIES = YES;
				ASSETCATALOG_COMPILER_APPICON_NAME = AppIcon;
				CLANG_ENABLE_MODULES = YES;
				CODE_SIGN_ENTITLEMENTS = lyralabs/lyralabs.entitlements;
				CODE_SIGN_IDENTITY = "Apple Development";
				CODE_SIGN_STYLE = Automatic;
				CURRENT_PROJECT_VERSION = 1;
				DEVELOPMENT_TEAM = KU5GP44363;
				ENABLE_BITCODE = NO;
				GCC_PREPROCESSOR_DEFINITIONS = (
					"$(inherited)",
					"FB_SONARKIT_ENABLED=1",
				);
				INFOPLIST_FILE = lyralabs/Info.plist;
				LD_RUNPATH_SEARCH_PATHS = "$(inherited) @executable_path/Frameworks";
				OTHER_LDFLAGS = (
					"$(inherited)",
					"-ObjC",
					"-lc++",
				);
				PRODUCT_BUNDLE_IDENTIFIER = com.lyralabs.app;
				PRODUCT_NAME = lyralabs;
				PROVISIONING_PROFILE_SPECIFIER = "";
				SWIFT_OPTIMIZATION_LEVEL = "-Onone";
				SWIFT_VERSION = 5.0;
				VERSIONING_SYSTEM = "apple-generic";
			};
			name = Debug;
		};
		13B07F951A680F5B00A75B9A /* Release */ = {
			isa = XCBuildConfiguration;
			baseConfigurationReference = F2F70717BA08040B93A753B5 /* Pods-lyralabs.release.xcconfig */;
			buildSettings = {
				ALWAYS_EMBED_SWIFT_STANDARD_LIBRARIES = YES;
				ASSETCATALOG_COMPILER_APPICON_NAME = AppIcon;
				CLANG_ENABLE_MODULES = YES;
				CODE_SIGN_ENTITLEMENTS = lyralabs/lyralabs.entitlements;
				CODE_SIGN_IDENTITY = "Apple Development";
				CODE_SIGN_STYLE = Automatic;
				CURRENT_PROJECT_VERSION = 1;
				DEVELOPMENT_TEAM = KU5GP44363;
				INFOPLIST_FILE = lyralabs/Info.plist;
				LD_RUNPATH_SEARCH_PATHS = "$(inherited) @executable_path/Frameworks";
				OTHER_LDFLAGS = (
					"$(inherited)",
					"-ObjC",
					"-lc++",
				);
				PRODUCT_BUNDLE_IDENTIFIER = com.lyralabs.app;
				PRODUCT_NAME = lyralabs;
				PROVISIONING_PROFILE_SPECIFIER = "";
				SWIFT_VERSION = 5.0;
				VERSIONING_SYSTEM = "apple-generic";
			};
			name = Release;
		};
		47F9578B24B7FCB900D2BBEC /* Debug */ = {
			isa = XCBuildConfiguration;
			buildSettings = {
				CLANG_ANALYZER_NONNULL = YES;
				CLANG_ANALYZER_NUMBER_OBJECT_CONVERSION = YES_AGGRESSIVE;
				CLANG_CXX_LANGUAGE_STANDARD = "gnu++14";
				CLANG_ENABLE_OBJC_WEAK = YES;
				CLANG_WARN_DOCUMENTATION_COMMENTS = YES;
				CLANG_WARN_UNGUARDED_AVAILABILITY = YES_AGGRESSIVE;
				CODE_SIGN_ENTITLEMENTS = Save/Save.entitlements;
				CODE_SIGN_IDENTITY = "Apple Development";
				CODE_SIGN_STYLE = Automatic;
				DEBUG_INFORMATION_FORMAT = dwarf;
				DEVELOPMENT_TEAM = KU5GP44363;
				GCC_C_LANGUAGE_STANDARD = gnu11;
				INFOPLIST_FILE = Save/Info.plist;
				IPHONEOS_DEPLOYMENT_TARGET = 13.5;
				LD_RUNPATH_SEARCH_PATHS = "$(inherited) @executable_path/Frameworks @executable_path/../../Frameworks";
				LIBRARY_SEARCH_PATHS = "\"$(TOOLCHAIN_DIR)/usr/lib/swift/$(PLATFORM_NAME)\"";
				MTL_ENABLE_DEBUG_INFO = INCLUDE_SOURCE;
				MTL_FAST_MATH = YES;
				PRODUCT_BUNDLE_IDENTIFIER = com.lyralabs.app.Save;
				PRODUCT_NAME = "$(TARGET_NAME)";
				SKIP_INSTALL = YES;
				SWIFT_ACTIVE_COMPILATION_CONDITIONS = DEBUG;
				SWIFT_OPTIMIZATION_LEVEL = "-Onone";
				SWIFT_VERSION = 5.0;
				TARGETED_DEVICE_FAMILY = "1,2";
			};
			name = Debug;
		};
		47F9578C24B7FCB900D2BBEC /* Release */ = {
			isa = XCBuildConfiguration;
			buildSettings = {
				CLANG_ANALYZER_NONNULL = YES;
				CLANG_ANALYZER_NUMBER_OBJECT_CONVERSION = YES_AGGRESSIVE;
				CLANG_CXX_LANGUAGE_STANDARD = "gnu++14";
				CLANG_ENABLE_OBJC_WEAK = YES;
				CLANG_WARN_DOCUMENTATION_COMMENTS = YES;
				CLANG_WARN_UNGUARDED_AVAILABILITY = YES_AGGRESSIVE;
				CODE_SIGN_ENTITLEMENTS = Save/Save.entitlements;
				CODE_SIGN_IDENTITY = "Apple Development";
				CODE_SIGN_STYLE = Automatic;
				COPY_PHASE_STRIP = NO;
				DEBUG_INFORMATION_FORMAT = "dwarf-with-dsym";
				DEVELOPMENT_TEAM = KU5GP44363;
				GCC_C_LANGUAGE_STANDARD = gnu11;
				INFOPLIST_FILE = Save/Info.plist;
				IPHONEOS_DEPLOYMENT_TARGET = 13.5;
				LD_RUNPATH_SEARCH_PATHS = "$(inherited) @executable_path/Frameworks @executable_path/../../Frameworks";
				LIBRARY_SEARCH_PATHS = "\"$(TOOLCHAIN_DIR)/usr/lib/swift/$(PLATFORM_NAME)\"";
				MTL_FAST_MATH = YES;
				PRODUCT_BUNDLE_IDENTIFIER = com.lyralabs.app.Save;
				PRODUCT_NAME = "$(TARGET_NAME)";
				SKIP_INSTALL = YES;
				SWIFT_OPTIMIZATION_LEVEL = "-O";
				SWIFT_VERSION = 5.0;
				TARGETED_DEVICE_FAMILY = "1,2";
			};
			name = Release;
		};
		83CBBA201A601CBA00E9B192 /* Debug */ = {
			isa = XCBuildConfiguration;
			buildSettings = {
				ALWAYS_SEARCH_USER_PATHS = NO;
				CLANG_ANALYZER_LOCALIZABILITY_NONLOCALIZED = YES;
				CLANG_CXX_LANGUAGE_STANDARD = "gnu++0x";
				CLANG_CXX_LIBRARY = "libc++";
				CLANG_ENABLE_MODULES = YES;
				CLANG_ENABLE_OBJC_ARC = YES;
				CLANG_WARN_BLOCK_CAPTURE_AUTORELEASING = YES;
				CLANG_WARN_BOOL_CONVERSION = YES;
				CLANG_WARN_COMMA = YES;
				CLANG_WARN_CONSTANT_CONVERSION = YES;
				CLANG_WARN_DEPRECATED_OBJC_IMPLEMENTATIONS = YES;
				CLANG_WARN_DIRECT_OBJC_ISA_USAGE = YES_ERROR;
				CLANG_WARN_EMPTY_BODY = YES;
				CLANG_WARN_ENUM_CONVERSION = YES;
				CLANG_WARN_INFINITE_RECURSION = YES;
				CLANG_WARN_INT_CONVERSION = YES;
				CLANG_WARN_NON_LITERAL_NULL_CONVERSION = YES;
				CLANG_WARN_OBJC_IMPLICIT_RETAIN_SELF = YES;
				CLANG_WARN_OBJC_LITERAL_CONVERSION = YES;
				CLANG_WARN_OBJC_ROOT_CLASS = YES_ERROR;
				CLANG_WARN_RANGE_LOOP_ANALYSIS = YES;
				CLANG_WARN_STRICT_PROTOTYPES = YES;
				CLANG_WARN_SUSPICIOUS_MOVE = YES;
				CLANG_WARN_UNREACHABLE_CODE = YES;
				CLANG_WARN__DUPLICATE_METHOD_MATCH = YES;
				"CODE_SIGN_IDENTITY[sdk=iphoneos*]" = "iPhone Developer";
				COPY_PHASE_STRIP = NO;
				ENABLE_STRICT_OBJC_MSGSEND = YES;
				ENABLE_TESTABILITY = YES;
				GCC_C_LANGUAGE_STANDARD = gnu99;
				GCC_DYNAMIC_NO_PIC = NO;
				GCC_NO_COMMON_BLOCKS = YES;
				GCC_OPTIMIZATION_LEVEL = 0;
				GCC_PREPROCESSOR_DEFINITIONS = (
					"DEBUG=1",
					"$(inherited)",
				);
				GCC_SYMBOLS_PRIVATE_EXTERN = NO;
				GCC_WARN_64_TO_32_BIT_CONVERSION = YES;
				GCC_WARN_ABOUT_RETURN_TYPE = YES_ERROR;
				GCC_WARN_UNDECLARED_SELECTOR = YES;
				GCC_WARN_UNINITIALIZED_AUTOS = YES_AGGRESSIVE;
				GCC_WARN_UNUSED_FUNCTION = YES;
				GCC_WARN_UNUSED_VARIABLE = YES;
				IPHONEOS_DEPLOYMENT_TARGET = 9.0;
				LD_RUNPATH_SEARCH_PATHS = "/usr/lib/swift $(inherited)";
				LIBRARY_SEARCH_PATHS = (
					"\"$(TOOLCHAIN_DIR)/usr/lib/swift/$(PLATFORM_NAME)\"",
					"\"$(TOOLCHAIN_DIR)/usr/lib/swift-5.0/$(PLATFORM_NAME)\"",
					"\"$(inherited)\"",
				);
				MTL_ENABLE_DEBUG_INFO = YES;
				ONLY_ACTIVE_ARCH = YES;
				SDKROOT = iphoneos;
			};
			name = Debug;
		};
		83CBBA211A601CBA00E9B192 /* Release */ = {
			isa = XCBuildConfiguration;
			buildSettings = {
				ALWAYS_SEARCH_USER_PATHS = NO;
				CLANG_ANALYZER_LOCALIZABILITY_NONLOCALIZED = YES;
				CLANG_CXX_LANGUAGE_STANDARD = "gnu++0x";
				CLANG_CXX_LIBRARY = "libc++";
				CLANG_ENABLE_MODULES = YES;
				CLANG_ENABLE_OBJC_ARC = YES;
				CLANG_WARN_BLOCK_CAPTURE_AUTORELEASING = YES;
				CLANG_WARN_BOOL_CONVERSION = YES;
				CLANG_WARN_COMMA = YES;
				CLANG_WARN_CONSTANT_CONVERSION = YES;
				CLANG_WARN_DEPRECATED_OBJC_IMPLEMENTATIONS = YES;
				CLANG_WARN_DIRECT_OBJC_ISA_USAGE = YES_ERROR;
				CLANG_WARN_EMPTY_BODY = YES;
				CLANG_WARN_ENUM_CONVERSION = YES;
				CLANG_WARN_INFINITE_RECURSION = YES;
				CLANG_WARN_INT_CONVERSION = YES;
				CLANG_WARN_NON_LITERAL_NULL_CONVERSION = YES;
				CLANG_WARN_OBJC_IMPLICIT_RETAIN_SELF = YES;
				CLANG_WARN_OBJC_LITERAL_CONVERSION = YES;
				CLANG_WARN_OBJC_ROOT_CLASS = YES_ERROR;
				CLANG_WARN_RANGE_LOOP_ANALYSIS = YES;
				CLANG_WARN_STRICT_PROTOTYPES = YES;
				CLANG_WARN_SUSPICIOUS_MOVE = YES;
				CLANG_WARN_UNREACHABLE_CODE = YES;
				CLANG_WARN__DUPLICATE_METHOD_MATCH = YES;
				"CODE_SIGN_IDENTITY[sdk=iphoneos*]" = "iPhone Developer";
				COPY_PHASE_STRIP = YES;
				ENABLE_NS_ASSERTIONS = NO;
				ENABLE_STRICT_OBJC_MSGSEND = YES;
				GCC_C_LANGUAGE_STANDARD = gnu99;
				GCC_NO_COMMON_BLOCKS = YES;
				GCC_WARN_64_TO_32_BIT_CONVERSION = YES;
				GCC_WARN_ABOUT_RETURN_TYPE = YES_ERROR;
				GCC_WARN_UNDECLARED_SELECTOR = YES;
				GCC_WARN_UNINITIALIZED_AUTOS = YES_AGGRESSIVE;
				GCC_WARN_UNUSED_FUNCTION = YES;
				GCC_WARN_UNUSED_VARIABLE = YES;
				IPHONEOS_DEPLOYMENT_TARGET = 9.0;
				LD_RUNPATH_SEARCH_PATHS = "/usr/lib/swift $(inherited)";
				LIBRARY_SEARCH_PATHS = (
					"\"$(TOOLCHAIN_DIR)/usr/lib/swift/$(PLATFORM_NAME)\"",
					"\"$(TOOLCHAIN_DIR)/usr/lib/swift-5.0/$(PLATFORM_NAME)\"",
					"\"$(inherited)\"",
				);
				MTL_ENABLE_DEBUG_INFO = NO;
				SDKROOT = iphoneos;
				SWIFT_COMPILATION_MODE = wholemodule;
				VALIDATE_PRODUCT = YES;
			};
			name = Release;
		};
/* End XCBuildConfiguration section */

/* Begin XCConfigurationList section */
		00E357021AD99517003FC87E /* Build configuration list for PBXNativeTarget "lyralabsTests" */ = {
			isa = XCConfigurationList;
			buildConfigurations = (
				00E356F61AD99517003FC87E /* Debug */,
				00E356F71AD99517003FC87E /* Release */,
			);
			defaultConfigurationIsVisible = 0;
			defaultConfigurationName = Release;
		};
		13B07F931A680F5B00A75B9A /* Build configuration list for PBXNativeTarget "lyralabs" */ = {
			isa = XCConfigurationList;
			buildConfigurations = (
				13B07F941A680F5B00A75B9A /* Debug */,
				13B07F951A680F5B00A75B9A /* Release */,
			);
			defaultConfigurationIsVisible = 0;
			defaultConfigurationName = Release;
		};
		47F9578A24B7FCB900D2BBEC /* Build configuration list for PBXNativeTarget "Save" */ = {
			isa = XCConfigurationList;
			buildConfigurations = (
				47F9578B24B7FCB900D2BBEC /* Debug */,
				47F9578C24B7FCB900D2BBEC /* Release */,
			);
			defaultConfigurationIsVisible = 0;
			defaultConfigurationName = Release;
		};
		83CBB9FA1A601CBA00E9B192 /* Build configuration list for PBXProject "lyralabs" */ = {
			isa = XCConfigurationList;
			buildConfigurations = (
				83CBBA201A601CBA00E9B192 /* Debug */,
				83CBBA211A601CBA00E9B192 /* Release */,
			);
			defaultConfigurationIsVisible = 0;
			defaultConfigurationName = Release;
		};
/* End XCConfigurationList section */
	};
	rootObject = 83CBB9F71A601CBA00E9B192 /* Project object */;
}
